
Microsoft Visual Studio Solution File, Format Version 12.00
# Visual Studio 2012
Project("{FAE04EC0-301F-11D3-BF4B-00C04F79EFBC}") = "ServiceContextThreadSafe", "ServiceContextThreadSafe\ServiceContextThreadSafe.csproj", "{09B07B81-0D4E-4D61-B1D7-840B1962A428}"
EndProject
Global
	GlobalSection(SolutionConfigurationPlatforms) = preSolution
		Debug|Any CPU = Debug|Any CPU
		Release|Any CPU = Release|Any CPU
	EndGlobalSection
	GlobalSection(ProjectConfigurationPlatforms) = postSolution
		{09B07B81-0D4E-4D61-B1D7-840B1962A428}.Debug|Any CPU.ActiveCfg = Debug|Any CPU
		{09B07B81-0D4E-4D61-B1D7-840B1962A428}.Debug|Any CPU.Build.0 = Debug|Any CPU
		{09B07B81-0D4E-4D61-B1D7-840B1962A428}.Release|Any CPU.ActiveCfg = Release|Any CPU
		{09B07B81-0D4E-4D61-B1D7-840B1962A428}.Release|Any CPU.Build.0 = Release|Any CPU
	EndGlobalSection
	GlobalSection(SolutionProperties) = preSolution
		HideSolutionNode = FALSE
	EndGlobalSection
EndGlobal
