
Microsoft Visual Studio Solution File, Format Version 12.00
# Visual Studio 2013
VisualStudioVersion = 12.0.21005.1
MinimumVisualStudioVersion = 10.0.40219.1
Project("{FAE04EC0-301F-11D3-BF4B-00C04F79EFBC}") = "Sdesk.Api", "Sdesk.Api\Sdesk.Api.csproj", "{76F516DD-691B-4E36-881E-A0BA3CED26B3}"
EndProject
Project("{FAE04EC0-301F-11D3-BF4B-00C04F79EFBC}") = "WebApp", "WebApp\WebApp.csproj", "{A610609C-36BA-4629-B91D-658B55E9379E}"
EndProject
Project("{FAE04EC0-301F-11D3-BF4B-00C04F79EFBC}") = "Model", "Model\Model.csproj", "{D6B28C6A-E949-4DB3-AB1D-B9C23BA1E790}"
EndProject
Project("{FAE04EC0-301F-11D3-BF4B-00C04F79EFBC}") = "SelfHostedApp", "SelfHostedApp\SelfHostedApp.csproj", "{4795803D-967A-45CB-B597-F4DF4C67D683}"
EndProject
Global
	GlobalSection(SolutionConfigurationPlatforms) = preSolution
		Debug|Any CPU = Debug|Any CPU
		Release|Any CPU = Release|Any CPU
	EndGlobalSection
	GlobalSection(ProjectConfigurationPlatforms) = postSolution
		{76F516DD-691B-4E36-881E-A0BA3CED26B3}.Debug|Any CPU.ActiveCfg = Debug|Any CPU
		{76F516DD-691B-4E36-881E-A0BA3CED26B3}.Debug|Any CPU.Build.0 = Debug|Any CPU
		{76F516DD-691B-4E36-881E-A0BA3CED26B3}.Release|Any CPU.ActiveCfg = Release|Any CPU
		{76F516DD-691B-4E36-881E-A0BA3CED26B3}.Release|Any CPU.Build.0 = Release|Any CPU
		{A610609C-36BA-4629-B91D-658B55E9379E}.Debug|Any CPU.ActiveCfg = Debug|Any CPU
		{A610609C-36BA-4629-B91D-658B55E9379E}.Debug|Any CPU.Build.0 = Debug|Any CPU
		{A610609C-36BA-4629-B91D-658B55E9379E}.Release|Any CPU.ActiveCfg = Release|Any CPU
		{A610609C-36BA-4629-B91D-658B55E9379E}.Release|Any CPU.Build.0 = Release|Any CPU
		{D6B28C6A-E949-4DB3-AB1D-B9C23BA1E790}.Debug|Any CPU.ActiveCfg = Debug|Any CPU
		{D6B28C6A-E949-4DB3-AB1D-B9C23BA1E790}.Debug|Any CPU.Build.0 = Debug|Any CPU
		{D6B28C6A-E949-4DB3-AB1D-B9C23BA1E790}.Release|Any CPU.ActiveCfg = Release|Any CPU
		{D6B28C6A-E949-4DB3-AB1D-B9C23BA1E790}.Release|Any CPU.Build.0 = Release|Any CPU
		{4795803D-967A-45CB-B597-F4DF4C67D683}.Debug|Any CPU.ActiveCfg = Debug|Any CPU
		{4795803D-967A-45CB-B597-F4DF4C67D683}.Debug|Any CPU.Build.0 = Debug|Any CPU
		{4795803D-967A-45CB-B597-F4DF4C67D683}.Release|Any CPU.ActiveCfg = Release|Any CPU
		{4795803D-967A-45CB-B597-F4DF4C67D683}.Release|Any CPU.Build.0 = Release|Any CPU
	EndGlobalSection
	GlobalSection(SolutionProperties) = preSolution
		HideSolutionNode = FALSE
	EndGlobalSection
EndGlobal
