
Microsoft Visual Studio Solution File, Format Version 12.00
# Visual Studio 2012
Project("{FAE04EC0-301F-11D3-BF4B-00C04F79EFBC}") = "CommandPattern", "CommandPattern\CommandPattern.csproj", "{832B3A8A-8416-4202-A50F-BA7B7050210C}"
EndProject
Global
	GlobalSection(SolutionConfigurationPlatforms) = preSolution
		Debug|Any CPU = Debug|Any CPU
		Release|Any CPU = Release|Any CPU
	EndGlobalSection
	GlobalSection(ProjectConfigurationPlatforms) = postSolution
		{832B3A8A-8416-4202-A50F-BA7B7050210C}.Debug|Any CPU.ActiveCfg = Debug|Any CPU
		{832B3A8A-8416-4202-A50F-BA7B7050210C}.Debug|Any CPU.Build.0 = Debug|Any CPU
		{832B3A8A-8416-4202-A50F-BA7B7050210C}.Release|Any CPU.ActiveCfg = Release|Any CPU
		{832B3A8A-8416-4202-A50F-BA7B7050210C}.Release|Any CPU.Build.0 = Release|Any CPU
	EndGlobalSection
	GlobalSection(SolutionProperties) = preSolution
		HideSolutionNode = FALSE
	EndGlobalSection
EndGlobal
