
Microsoft Visual Studio Solution File, Format Version 12.00
# Visual Studio 2012
Project("{FAE04EC0-301F-11D3-BF4B-00C04F79EFBC}") = "CalculationService", "CalculationService\CalculationService.csproj", "{6FCB96C3-2EE4-4E4B-902F-CE88B045FC4F}"
EndProject
Project("{FAE04EC0-301F-11D3-BF4B-00C04F79EFBC}") = "CalculationServiceTest", "CalculationServiceTest\CalculationServiceTest.csproj", "{C659C40D-F41D-4E8A-97DB-3A48F7704067}"
EndProject
Global
	GlobalSection(SolutionConfigurationPlatforms) = preSolution
		Debug|Any CPU = Debug|Any CPU
		Release|Any CPU = Release|Any CPU
	EndGlobalSection
	GlobalSection(ProjectConfigurationPlatforms) = postSolution
		{6FCB96C3-2EE4-4E4B-902F-CE88B045FC4F}.Debug|Any CPU.ActiveCfg = Debug|Any CPU
		{6FCB96C3-2EE4-4E4B-902F-CE88B045FC4F}.Debug|Any CPU.Build.0 = Debug|Any CPU
		{6FCB96C3-2EE4-4E4B-902F-CE88B045FC4F}.Release|Any CPU.ActiveCfg = Release|Any CPU
		{6FCB96C3-2EE4-4E4B-902F-CE88B045FC4F}.Release|Any CPU.Build.0 = Release|Any CPU
		{C659C40D-F41D-4E8A-97DB-3A48F7704067}.Debug|Any CPU.ActiveCfg = Debug|Any CPU
		{C659C40D-F41D-4E8A-97DB-3A48F7704067}.Debug|Any CPU.Build.0 = Debug|Any CPU
		{C659C40D-F41D-4E8A-97DB-3A48F7704067}.Release|Any CPU.ActiveCfg = Release|Any CPU
		{C659C40D-F41D-4E8A-97DB-3A48F7704067}.Release|Any CPU.Build.0 = Release|Any CPU
	EndGlobalSection
	GlobalSection(SolutionProperties) = preSolution
		HideSolutionNode = FALSE
	EndGlobalSection
EndGlobal
