
Microsoft Visual Studio Solution File, Format Version 12.00
# Visual Studio 2012
Project("{FAE04EC0-301F-11D3-BF4B-00C04F79EFBC}") = "HashTable", "HashTable\HashTable.csproj", "{9A762FE8-7967-4835-857B-CB33C09826E4}"
EndProject
Project("{FAE04EC0-301F-11D3-BF4B-00C04F79EFBC}") = "NHashTableTest", "NHashTableTest\NHashTableTest.csproj", "{B706FB40-C624-4AE4-AB76-8F67533CB5AB}"
EndProject
Global
	GlobalSection(SolutionConfigurationPlatforms) = preSolution
		Debug|Any CPU = Debug|Any CPU
		Release|Any CPU = Release|Any CPU
	EndGlobalSection
	GlobalSection(ProjectConfigurationPlatforms) = postSolution
		{9A762FE8-7967-4835-857B-CB33C09826E4}.Debug|Any CPU.ActiveCfg = Debug|Any CPU
		{9A762FE8-7967-4835-857B-CB33C09826E4}.Debug|Any CPU.Build.0 = Debug|Any CPU
		{9A762FE8-7967-4835-857B-CB33C09826E4}.Release|Any CPU.ActiveCfg = Release|Any CPU
		{9A762FE8-7967-4835-857B-CB33C09826E4}.Release|Any CPU.Build.0 = Release|Any CPU
		{B706FB40-C624-4AE4-AB76-8F67533CB5AB}.Debug|Any CPU.ActiveCfg = Debug|Any CPU
		{B706FB40-C624-4AE4-AB76-8F67533CB5AB}.Debug|Any CPU.Build.0 = Debug|Any CPU
		{B706FB40-C624-4AE4-AB76-8F67533CB5AB}.Release|Any CPU.ActiveCfg = Release|Any CPU
		{B706FB40-C624-4AE4-AB76-8F67533CB5AB}.Release|Any CPU.Build.0 = Release|Any CPU
	EndGlobalSection
	GlobalSection(SolutionProperties) = preSolution
		HideSolutionNode = FALSE
	EndGlobalSection
EndGlobal
