
Microsoft Visual Studio Solution File, Format Version 12.00
# Visual Studio 2012
Project("{FAE04EC0-301F-11D3-BF4B-00C04F79EFBC}") = "WcfServiceLibrary", "WcfServiceLibrary\WcfServiceLibrary.csproj", "{15B3E0D2-6217-493A-A690-158C497F5318}"
EndProject
Project("{FAE04EC0-301F-11D3-BF4B-00C04F79EFBC}") = "EvalClient", "EvalClient\EvalClient.csproj", "{977CD22B-918F-4FF7-AD7E-8F4A1A471AE7}"
	ProjectSection(ProjectDependencies) = postProject
		{15B3E0D2-6217-493A-A690-158C497F5318} = {15B3E0D2-6217-493A-A690-158C497F5318}
	EndProjectSection
EndProject
Project("{FAE04EC0-301F-11D3-BF4B-00C04F79EFBC}") = "Host", "Host\Host.csproj", "{BBDAB894-1AC1-4148-825E-E8E98F72F8C5}"
EndProject
Project("{FAE04EC0-301F-11D3-BF4B-00C04F79EFBC}") = "WeatherClient", "WeatherClient\WeatherClient.csproj", "{6D8EDE47-069E-4991-9008-973F9EF2E912}"
EndProject
Project("{FAE04EC0-301F-11D3-BF4B-00C04F79EFBC}") = "ClientWithoutServiceReference", "ClientWithoutServiceReference\ClientWithoutServiceReference.csproj", "{BB60394B-E51D-4AD7-A79F-5844D569150D}"
EndProject
Global
	GlobalSection(SolutionConfigurationPlatforms) = preSolution
		Debug|Any CPU = Debug|Any CPU
		Release|Any CPU = Release|Any CPU
	EndGlobalSection
	GlobalSection(ProjectConfigurationPlatforms) = postSolution
		{15B3E0D2-6217-493A-A690-158C497F5318}.Debug|Any CPU.ActiveCfg = Debug|Any CPU
		{15B3E0D2-6217-493A-A690-158C497F5318}.Debug|Any CPU.Build.0 = Debug|Any CPU
		{15B3E0D2-6217-493A-A690-158C497F5318}.Release|Any CPU.ActiveCfg = Release|Any CPU
		{15B3E0D2-6217-493A-A690-158C497F5318}.Release|Any CPU.Build.0 = Release|Any CPU
		{977CD22B-918F-4FF7-AD7E-8F4A1A471AE7}.Debug|Any CPU.ActiveCfg = Debug|Any CPU
		{977CD22B-918F-4FF7-AD7E-8F4A1A471AE7}.Debug|Any CPU.Build.0 = Debug|Any CPU
		{977CD22B-918F-4FF7-AD7E-8F4A1A471AE7}.Release|Any CPU.ActiveCfg = Release|Any CPU
		{977CD22B-918F-4FF7-AD7E-8F4A1A471AE7}.Release|Any CPU.Build.0 = Release|Any CPU
		{BBDAB894-1AC1-4148-825E-E8E98F72F8C5}.Debug|Any CPU.ActiveCfg = Debug|Any CPU
		{BBDAB894-1AC1-4148-825E-E8E98F72F8C5}.Debug|Any CPU.Build.0 = Debug|Any CPU
		{BBDAB894-1AC1-4148-825E-E8E98F72F8C5}.Release|Any CPU.ActiveCfg = Release|Any CPU
		{BBDAB894-1AC1-4148-825E-E8E98F72F8C5}.Release|Any CPU.Build.0 = Release|Any CPU
		{6D8EDE47-069E-4991-9008-973F9EF2E912}.Debug|Any CPU.ActiveCfg = Debug|Any CPU
		{6D8EDE47-069E-4991-9008-973F9EF2E912}.Debug|Any CPU.Build.0 = Debug|Any CPU
		{6D8EDE47-069E-4991-9008-973F9EF2E912}.Release|Any CPU.ActiveCfg = Release|Any CPU
		{6D8EDE47-069E-4991-9008-973F9EF2E912}.Release|Any CPU.Build.0 = Release|Any CPU
		{BB60394B-E51D-4AD7-A79F-5844D569150D}.Debug|Any CPU.ActiveCfg = Debug|Any CPU
		{BB60394B-E51D-4AD7-A79F-5844D569150D}.Debug|Any CPU.Build.0 = Debug|Any CPU
		{BB60394B-E51D-4AD7-A79F-5844D569150D}.Release|Any CPU.ActiveCfg = Release|Any CPU
		{BB60394B-E51D-4AD7-A79F-5844D569150D}.Release|Any CPU.Build.0 = Release|Any CPU
	EndGlobalSection
	GlobalSection(SolutionProperties) = preSolution
		HideSolutionNode = FALSE
	EndGlobalSection
EndGlobal
