
Microsoft Visual Studio Solution File, Format Version 12.00
# Visual Studio 2012
Project("{FAE04EC0-301F-11D3-BF4B-00C04F79EFBC}") = "ReflectionTask", "ReflectionTask\ReflectionTask.csproj", "{7AD8E97F-D8BA-408D-84BB-45BE42CA325B}"
EndProject
Project("{FAE04EC0-301F-11D3-BF4B-00C04F79EFBC}") = "ReflectionTaskTest", "ReflectionTaskTest\ReflectionTaskTest.csproj", "{D99CBA36-78C1-4563-8DFE-6F5F821CAEE7}"
EndProject
Global
	GlobalSection(SolutionConfigurationPlatforms) = preSolution
		Debug|Any CPU = Debug|Any CPU
		Release|Any CPU = Release|Any CPU
	EndGlobalSection
	GlobalSection(ProjectConfigurationPlatforms) = postSolution
		{7AD8E97F-D8BA-408D-84BB-45BE42CA325B}.Debug|Any CPU.ActiveCfg = Debug|Any CPU
		{7AD8E97F-D8BA-408D-84BB-45BE42CA325B}.Debug|Any CPU.Build.0 = Debug|Any CPU
		{7AD8E97F-D8BA-408D-84BB-45BE42CA325B}.Release|Any CPU.ActiveCfg = Release|Any CPU
		{7AD8E97F-D8BA-408D-84BB-45BE42CA325B}.Release|Any CPU.Build.0 = Release|Any CPU
		{D99CBA36-78C1-4563-8DFE-6F5F821CAEE7}.Debug|Any CPU.ActiveCfg = Debug|Any CPU
		{D99CBA36-78C1-4563-8DFE-6F5F821CAEE7}.Debug|Any CPU.Build.0 = Debug|Any CPU
		{D99CBA36-78C1-4563-8DFE-6F5F821CAEE7}.Release|Any CPU.ActiveCfg = Release|Any CPU
		{D99CBA36-78C1-4563-8DFE-6F5F821CAEE7}.Release|Any CPU.Build.0 = Release|Any CPU
	EndGlobalSection
	GlobalSection(SolutionProperties) = preSolution
		HideSolutionNode = FALSE
	EndGlobalSection
EndGlobal
