
Microsoft Visual Studio Solution File, Format Version 12.00
# Visual Studio 2012
Project("{FAE04EC0-301F-11D3-BF4B-00C04F79EFBC}") = "MentoringLesson1", "MentoringLesson1\MentoringLesson1.csproj", "{84E9243F-691C-465E-BBE8-BEA27420209D}"
EndProject
Global
	GlobalSection(SolutionConfigurationPlatforms) = preSolution
		Debug|Any CPU = Debug|Any CPU
		Release|Any CPU = Release|Any CPU
	EndGlobalSection
	GlobalSection(ProjectConfigurationPlatforms) = postSolution
		{84E9243F-691C-465E-BBE8-BEA27420209D}.Debug|Any CPU.ActiveCfg = Debug|Any CPU
		{84E9243F-691C-465E-BBE8-BEA27420209D}.Debug|Any CPU.Build.0 = Debug|Any CPU
		{84E9243F-691C-465E-BBE8-BEA27420209D}.Release|Any CPU.ActiveCfg = Release|Any CPU
		{84E9243F-691C-465E-BBE8-BEA27420209D}.Release|Any CPU.Build.0 = Release|Any CPU
	EndGlobalSection
	GlobalSection(SolutionProperties) = preSolution
		HideSolutionNode = FALSE
	EndGlobalSection
EndGlobal
